{
    "_readme": [
        "This file locks the dependencies of your project to a known state",
        "Read more about it at https://getcomposer.org/doc/01-basic-usage.md#composer-lock-the-lock-file",
        "This file is @generated automatically"
    ],
    "hash": "4974e171f159f587bb8de56b969afe14",
    "content-hash": "e2d9d8ebed269741228e0abb5f4fd304",
    "packages": [
        {
            "name": "shark/simple_html_dom",
            "version": "dev-master",
            "source": {
                "type": "git",
                "url": "https://github.com/samacs/simple_html_dom.git",
                "reference": "830223ef1faa89bf8bbd8b231bd228993fd4bd3b"
            },
            "dist": {
                "type": "zip",
                "url": "https://api.github.com/repos/samacs/simple_html_dom/zipball/830223ef1faa89bf8bbd8b231bd228993fd4bd3b",
                "reference": "830223ef1faa89bf8bbd8b231bd228993fd4bd3b",
                "shasum": ""
            },
            "require": {
                "ext-mbstring": "*",
                "php": ">=5.2.4"
            },
            "type": "library",
            "autoload": {
                "classmap": [
                    "simple_html_dom.php"
                ],
                "files": [
                    "simple_html_dom.php"
                ]
            },
            "notification-url": "https://packagist.org/downloads/",
            "authors": [
                {
                    "name": "S.C. Chen",
                    "email": "me578022@gmail.com",
                    "homepage": "http://simplehtmldom.sourceforge.net/"
                }
            ],
            "description": "Simple HTML DOM package.",
            "homepage": "http://simplehtmldom.sourceforge.net/",
            "keywords": [
                "dom",
                "php dom"
            ],
            "time": "2017-11-09 21:14:14"
        }
    ],
    "packages-dev": [],
    "aliases": [],
    "minimum-stability": "stable",
    "stability-flags": {
        "shark/simple_html_dom": 20
    },
    "prefer-stable": false,
    "prefer-lowest": false,
    "platform": [],
    "platform-dev": []
}
